// !$*UTF8*$!
{
	archiveVersion = 1;
	classes = {
	};
	objectVersion = 50;
	objects = {

/* Begin PBXBuildFile section */
		571C6CEA24027F4D0012B589 /* AppDelegate.swift in Sources */ = {isa = PBXBuildFile; fileRef = 571C6CE924027F4D0012B589 /* AppDelegate.swift */; };
		571C6CEE24027F4D0012B589 /* ContentView.swift in Sources */ = {isa = PBXBuildFile; fileRef = 571C6CED24027F4D0012B589 /* ContentView.swift */; };
		571C6CF024027F4E0012B589 /* Assets.xcassets in Resources */ = {isa = PBXBuildFile; fileRef = 571C6CEF24027F4E0012B589 /* Assets.xcassets */; };
		571C6CF324027F4E0012B589 /* Preview Assets.xcassets in Resources */ = {isa = PBXBuildFile; fileRef = 571C6CF224027F4E0012B589 /* Preview Assets.xcassets */; };
		571C6CF624027F4E0012B589 /* LaunchScreen.storyboard in Resources */ = {isa = PBXBuildFile; fileRef = 571C6CF424027F4E0012B589 /* LaunchScreen.storyboard */; };
		571C6CFE240280000012B589 /* ExploreView.swift in Sources */ = {isa = PBXBuildFile; fileRef = 571C6CFD240280000012B589 /* ExploreView.swift */; };
		571C6D00240282A30012B589 /* GardenView.swift in Sources */ = {isa = PBXBuildFile; fileRef = 571C6CFF240282A30012B589 /* GardenView.swift */; };
		571C6D02240287810012B589 /* art.scnassets in Resources */ = {isa = PBXBuildFile; fileRef = 571C6D01240287810012B589 /* art.scnassets */; };
		571C6D04240289010012B589 /* GardenViewController.swift in Sources */ = {isa = PBXBuildFile; fileRef = 571C6D03240289010012B589 /* GardenViewController.swift */; };
		578675F62402E6E800FDBE74 /* MapView.swift in Sources */ = {isa = PBXBuildFile; fileRef = 578675F52402E6E800FDBE74 /* MapView.swift */; };
		578675F82402EEF100FDBE74 /* Vegetable.swift in Sources */ = {isa = PBXBuildFile; fileRef = 578675F72402EEF100FDBE74 /* Vegetable.swift */; };
/* End PBXBuildFile section */

/* Begin PBXFileReference section */
		571C6CE624027F4D0012B589 /* Plantae.app */ = {isa = PBXFileReference; explicitFileType = wrapper.application; includeInIndex = 0; path = Plantae.app; sourceTree = BUILT_PRODUCTS_DIR; };
		571C6CE924027F4D0012B589 /* AppDelegate.swift */ = {isa = PBXFileReference; lastKnownFileType = sourcecode.swift; path = AppDelegate.swift; sourceTree = "<group>"; };
		571C6CED24027F4D0012B589 /* ContentView.swift */ = {isa = PBXFileReference; lastKnownFileType = sourcecode.swift; path = ContentView.swift; sourceTree = "<group>"; };
		571C6CEF24027F4E0012B589 /* Assets.xcassets */ = {isa = PBXFileReference; lastKnownFileType = folder.assetcatalog; path = Assets.xcassets; sourceTree = "<group>"; };
		571C6CF224027F4E0012B589 /* Preview Assets.xcassets */ = {isa = PBXFileReference; lastKnownFileType = folder.assetcatalog; path = "Preview Assets.xcassets"; sourceTree = "<group>"; };
		571C6CF524027F4E0012B589 /* Base */ = {isa = PBXFileReference; lastKnownFileType = file.storyboard; name = Base; path = Base.lproj/LaunchScreen.storyboard; sourceTree = "<group>"; };
		571C6CF724027F4E0012B589 /* Info.plist */ = {isa = PBXFileReference; lastKnownFileType = text.plist.xml; path = Info.plist; sourceTree = "<group>"; };
		571C6CFD240280000012B589 /* ExploreView.swift */ = {isa = PBXFileReference; lastKnownFileType = sourcecode.swift; path = ExploreView.swift; sourceTree = "<group>"; };
		571C6CFF240282A30012B589 /* GardenView.swift */ = {isa = PBXFileReference; lastKnownFileType = sourcecode.swift; path = GardenView.swift; sourceTree = "<group>"; };
		571C6D01240287810012B589 /* art.scnassets */ = {isa = PBXFileReference; lastKnownFileType = wrapper.scnassets; path = art.scnassets; sourceTree = "<group>"; };
		571C6D03240289010012B589 /* GardenViewController.swift */ = {isa = PBXFileReference; lastKnownFileType = sourcecode.swift; path = GardenViewController.swift; sourceTree = "<group>"; };
		578675F52402E6E800FDBE74 /* MapView.swift */ = {isa = PBXFileReference; lastKnownFileType = sourcecode.swift; path = MapView.swift; sourceTree = "<group>"; };
		578675F72402EEF100FDBE74 /* Vegetable.swift */ = {isa = PBXFileReference; lastKnownFileType = sourcecode.swift; path = Vegetable.swift; sourceTree = "<group>"; };
/* End PBXFileReference section */

/* Begin PBXFrameworksBuildPhase section */
		571C6CE324027F4D0012B589 /* Frameworks */ = {
			isa = PBXFrameworksBuildPhase;
			buildActionMask = 2147483647;
			files = (
			);
			runOnlyForDeploymentPostprocessing = 0;
		};
/* End PBXFrameworksBuildPhase section */

/* Begin PBXGroup section */
		571C6CDD24027F4D0012B589 = {
			isa = PBXGroup;
			children = (
				571C6CE824027F4D0012B589 /* Plantae */,
				571C6CE724027F4D0012B589 /* Products */,
			);
			sourceTree = "<group>";
		};
		571C6CE724027F4D0012B589 /* Products */ = {
			isa = PBXGroup;
			children = (
				571C6CE624027F4D0012B589 /* Plantae.app */,
			);
			name = Products;
			sourceTree = "<group>";
		};
		571C6CE824027F4D0012B589 /* Plantae */ = {
			isa = PBXGroup;
			children = (
				578675F92402EF2100FDBE74 /* Models */,
				571C6CE924027F4D0012B589 /* AppDelegate.swift */,
				571C6CED24027F4D0012B589 /* ContentView.swift */,
				571C6CFD240280000012B589 /* ExploreView.swift */,
				578675F52402E6E800FDBE74 /* MapView.swift */,
				571C6CFF240282A30012B589 /* GardenView.swift */,
				571C6D03240289010012B589 /* GardenViewController.swift */,
				571C6D01240287810012B589 /* art.scnassets */,
				571C6CEF24027F4E0012B589 /* Assets.xcassets */,
				571C6CF424027F4E0012B589 /* LaunchScreen.storyboard */,
				571C6CF724027F4E0012B589 /* Info.plist */,
				571C6CF124027F4E0012B589 /* Preview Content */,
			);
			path = Plantae;
			sourceTree = "<group>";
		};
		571C6CF124027F4E0012B589 /* Preview Content */ = {
			isa = PBXGroup;
			children = (
				571C6CF224027F4E0012B589 /* Preview Assets.xcassets */,
			);
			path = "Preview Content";
			sourceTree = "<group>";
		};
		578675F92402EF2100FDBE74 /* Models */ = {
			isa = PBXGroup;
			children = (
				578675F72402EEF100FDBE74 /* Vegetable.swift */,
			);
			path = Models;
			sourceTree = "<group>";
		};
/* End PBXGroup section */

/* Begin PBXNativeTarget section */
		571C6CE524027F4D0012B589 /* Plantae */ = {
			isa = PBXNativeTarget;
			buildConfigurationList = 571C6CFA24027F4E0012B589 /* Build configuration list for PBXNativeTarget "Plantae" */;
			buildPhases = (
				571C6CE224027F4D0012B589 /* Sources */,
				571C6CE324027F4D0012B589 /* Frameworks */,
				571C6CE424027F4D0012B589 /* Resources */,
			);
			buildRules = (
			);
			dependencies = (
			);
			name = Plantae;
			productName = Plantae;
			productReference = 571C6CE624027F4D0012B589 /* Plantae.app */;
			productType = "com.apple.product-type.application";
		};
/* End PBXNativeTarget section */

/* Begin PBXProject section */
		571C6CDE24027F4D0012B589 /* Project object */ = {
			isa = PBXProject;
			attributes = {
				LastSwiftUpdateCheck = 1140;
				LastUpgradeCheck = 1140;
				ORGANIZATIONNAME = aKANJ;
				TargetAttributes = {
					571C6CE524027F4D0012B589 = {
						CreatedOnToolsVersion = 11.4;
					};
				};
			};
			buildConfigurationList = 571C6CE124027F4D0012B589 /* Build configuration list for PBXProject "Plantae" */;
			compatibilityVersion = "Xcode 9.3";
			developmentRegion = en;
			hasScannedForEncodings = 0;
			knownRegions = (
				en,
				Base,
			);
			mainGroup = 571C6CDD24027F4D0012B589;
			productRefGroup = 571C6CE724027F4D0012B589 /* Products */;
			projectDirPath = "";
			projectRoot = "";
			targets = (
				571C6CE524027F4D0012B589 /* Plantae */,
			);
		};
/* End PBXProject section */

/* Begin PBXResourcesBuildPhase section */
		571C6CE424027F4D0012B589 /* Resources */ = {
			isa = PBXResourcesBuildPhase;
			buildActionMask = 2147483647;
			files = (
				571C6CF624027F4E0012B589 /* LaunchScreen.storyboard in Resources */,
				571C6D02240287810012B589 /* art.scnassets in Resources */,
				571C6CF324027F4E0012B589 /* Preview Assets.xcassets in Resources */,
				571C6CF024027F4E0012B589 /* Assets.xcassets in Resources */,
			);
			runOnlyForDeploymentPostprocessing = 0;
		};
/* End PBXResourcesBuildPhase section */

/* Begin PBXSourcesBuildPhase section */
		571C6CE224027F4D0012B589 /* Sources */ = {
			isa = PBXSourcesBuildPhase;
			buildActionMask = 2147483647;
			files = (
				571C6D04240289010012B589 /* GardenViewController.swift in Sources */,
				578675F62402E6E800FDBE74 /* MapView.swift in Sources */,
				578675F82402EEF100FDBE74 /* Vegetable.swift in Sources */,
				571C6CEA24027F4D0012B589 /* AppDelegate.swift in Sources */,
				571C6CFE240280000012B589 /* ExploreView.swift in Sources */,
				571C6D00240282A30012B589 /* GardenView.swift in Sources */,
				571C6CEE24027F4D0012B589 /* ContentView.swift in Sources */,
			);
			runOnlyForDeploymentPostprocessing = 0;
		};
/* End PBXSourcesBuildPhase section */

/* Begin PBXVariantGroup section */
		571C6CF424027F4E0012B589 /* LaunchScreen.storyboard */ = {
			isa = PBXVariantGroup;
			children = (
				571C6CF524027F4E0012B589 /* Base */,
			);
			name = LaunchScreen.storyboard;
			sourceTree = "<group>";
		};
/* End PBXVariantGroup section */

/* Begin XCBuildConfiguration section */
		571C6CF824027F4E0012B589 /* Debug */ = {
			isa = XCBuildConfiguration;
			buildSettings = {
				ALWAYS_SEARCH_USER_PATHS = NO;
				CLANG_ANALYZER_NONNULL = YES;
				CLANG_ANALYZER_NUMBER_OBJECT_CONVERSION = YES_AGGRESSIVE;
				CLANG_CXX_LANGUAGE_STANDARD = "gnu++14";
				CLANG_CXX_LIBRARY = "libc++";
				CLANG_ENABLE_MODULES = YES;
				CLANG_ENABLE_OBJC_ARC = YES;
				CLANG_ENABLE_OBJC_WEAK = YES;
				CLANG_WARN_BLOCK_CAPTURE_AUTORELEASING = YES;
				CLANG_WARN_BOOL_CONVERSION = YES;
				CLANG_WARN_COMMA = YES;
				CLANG_WARN_CONSTANT_CONVERSION = YES;
				CLANG_WARN_DEPRECATED_OBJC_IMPLEMENTATIONS = YES;
				CLANG_WARN_DIRECT_OBJC_ISA_USAGE = YES_ERROR;
				CLANG_WARN_DOCUMENTATION_COMMENTS = YES;
				CLANG_WARN_EMPTY_BODY = YES;
				CLANG_WARN_ENUM_CONVERSION = YES;
				CLANG_WARN_INFINITE_RECURSION = YES;
				CLANG_WARN_INT_CONVERSION = YES;
				CLANG_WARN_NON_LITERAL_NULL_CONVERSION = YES;
				CLANG_WARN_OBJC_IMPLICIT_RETAIN_SELF = YES;
				CLANG_WARN_OBJC_LITERAL_CONVERSION = YES;
				CLANG_WARN_OBJC_ROOT_CLASS = YES_ERROR;
				CLANG_WARN_RANGE_LOOP_ANALYSIS = YES;
				CLANG_WARN_STRICT_PROTOTYPES = YES;
				CLANG_WARN_SUSPICIOUS_MOVE = YES;
				CLANG_WARN_UNGUARDED_AVAILABILITY = YES_AGGRESSIVE;
				CLANG_WARN_UNREACHABLE_CODE = YES;
				CLANG_WARN__DUPLICATE_METHOD_MATCH = YES;
				COPY_PHASE_STRIP = NO;
				DEBUG_INFORMATION_FORMAT = dwarf;
				ENABLE_STRICT_OBJC_MSGSEND = YES;
				ENABLE_TESTABILITY = YES;
				GCC_C_LANGUAGE_STANDARD = gnu11;
				GCC_DYNAMIC_NO_PIC = NO;
				GCC_NO_COMMON_BLOCKS = YES;
				GCC_OPTIMIZATION_LEVEL = 0;
				GCC_PREPROCESSOR_DEFINITIONS = (
					"DEBUG=1",
					"$(inherited)",
				);
				GCC_WARN_64_TO_32_BIT_CONVERSION = YES;
				GCC_WARN_ABOUT_RETURN_TYPE = YES_ERROR;
				GCC_WARN_UNDECLARED_SELECTOR = YES;
				GCC_WARN_UNINITIALIZED_AUTOS = YES_AGGRESSIVE;
				GCC_WARN_UNUSED_FUNCTION = YES;
				GCC_WARN_UNUSED_VARIABLE = YES;
				IPHONEOS_DEPLOYMENT_TARGET = 13.4;
				MTL_ENABLE_DEBUG_INFO = INCLUDE_SOURCE;
				MTL_FAST_MATH = YES;
				ONLY_ACTIVE_ARCH = YES;
				SDKROOT = iphoneos;
				SWIFT_ACTIVE_COMPILATION_CONDITIONS = DEBUG;
				SWIFT_OPTIMIZATION_LEVEL = "-Onone";
			};
			name = Debug;
		};
		571C6CF924027F4E0012B589 /* Release */ = {
			isa = XCBuildConfiguration;
			buildSettings = {
				ALWAYS_SEARCH_USER_PATHS = NO;
				CLANG_ANALYZER_NONNULL = YES;
				CLANG_ANALYZER_NUMBER_OBJECT_CONVERSION = YES_AGGRESSIVE;
				CLANG_CXX_LANGUAGE_STANDARD = "gnu++14";
				CLANG_CXX_LIBRARY = "libc++";
				CLANG_ENABLE_MODULES = YES;
				CLANG_ENABLE_OBJC_ARC = YES;
				CLANG_ENABLE_OBJC_WEAK = YES;
				CLANG_WARN_BLOCK_CAPTURE_AUTORELEASING = YES;
				CLANG_WARN_BOOL_CONVERSION = YES;
				CLANG_WARN_COMMA = YES;
				CLANG_WARN_CONSTANT_CONVERSION = YES;
				CLANG_WARN_DEPRECATED_OBJC_IMPLEMENTATIONS = YES;
				CLANG_WARN_DIRECT_OBJC_ISA_USAGE = YES_ERROR;
				CLANG_WARN_DOCUMENTATION_COMMENTS = YES;
				CLANG_WARN_EMPTY_BODY = YES;
				CLANG_WARN_ENUM_CONVERSION = YES;
				CLANG_WARN_INFINITE_RECURSION = YES;
				CLANG_WARN_INT_CONVERSION = YES;
				CLANG_WARN_NON_LITERAL_NULL_CONVERSION = YES;
				CLANG_WARN_OBJC_IMPLICIT_RETAIN_SELF = YES;
				CLANG_WARN_OBJC_LITERAL_CONVERSION = YES;
				CLANG_WARN_OBJC_ROOT_CLASS = YES_ERROR;
				CLANG_WARN_RANGE_LOOP_ANALYSIS = YES;
				CLANG_WARN_STRICT_PROTOTYPES = YES;
				CLANG_WARN_SUSPICIOUS_MOVE = YES;
				CLANG_WARN_UNGUARDED_AVAILABILITY = YES_AGGRESSIVE;
				CLANG_WARN_UNREACHABLE_CODE = YES;
				CLANG_WARN__DUPLICATE_METHOD_MATCH = YES;
				COPY_PHASE_STRIP = NO;
				DEBUG_INFORMATION_FORMAT = "dwarf-with-dsym";
				ENABLE_NS_ASSERTIONS = NO;
				ENABLE_STRICT_OBJC_MSGSEND = YES;
				GCC_C_LANGUAGE_STANDARD = gnu11;
				GCC_NO_COMMON_BLOCKS = YES;
				GCC_WARN_64_TO_32_BIT_CONVERSION = YES;
				GCC_WARN_ABOUT_RETURN_TYPE = YES_ERROR;
				GCC_WARN_UNDECLARED_SELECTOR = YES;
				GCC_WARN_UNINITIALIZED_AUTOS = YES_AGGRESSIVE;
				GCC_WARN_UNUSED_FUNCTION = YES;
				GCC_WARN_UNUSED_VARIABLE = YES;
				IPHONEOS_DEPLOYMENT_TARGET = 13.4;
				MTL_ENABLE_DEBUG_INFO = NO;
				MTL_FAST_MATH = YES;
				SDKROOT = iphoneos;
				SWIFT_COMPILATION_MODE = wholemodule;
				SWIFT_OPTIMIZATION_LEVEL = "-O";
				VALIDATE_PRODUCT = YES;
			};
			name = Release;
		};
		571C6CFB24027F4E0012B589 /* Debug */ = {
			isa = XCBuildConfiguration;
			buildSettings = {
				ASSETCATALOG_COMPILER_APPICON_NAME = AppIcon;
				CODE_SIGN_STYLE = Automatic;
				DEVELOPMENT_ASSET_PATHS = "\"Plantae/Preview Content\"";
				DEVELOPMENT_TEAM = 6F983ZW9E9;
				ENABLE_PREVIEWS = YES;
				INFOPLIST_FILE = Plantae/Info.plist;
				IPHONEOS_DEPLOYMENT_TARGET = 13.3;
				LD_RUNPATH_SEARCH_PATHS = (
					"$(inherited)",
					"@executable_path/Frameworks",
				);
				PRODUCT_BUNDLE_IDENTIFIER = com.aKANJ.Plantae;
				PRODUCT_NAME = "$(TARGET_NAME)";
				SWIFT_VERSION = 5.0;
				TARGETED_DEVICE_FAMILY = "1,2";
			};
			name = Debug;
		};
		571C6CFC24027F4E0012B589 /* Release */ = {
			isa = XCBuildConfiguration;
			buildSettings = {
				ASSETCATALOG_COMPILER_APPICON_NAME = AppIcon;
				CODE_SIGN_STYLE = Automatic;
				DEVELOPMENT_ASSET_PATHS = "\"Plantae/Preview Content\"";
				DEVELOPMENT_TEAM = 6F983ZW9E9;
				ENABLE_PREVIEWS = YES;
				INFOPLIST_FILE = Plantae/Info.plist;
				IPHONEOS_DEPLOYMENT_TARGET = 13.3;
				LD_RUNPATH_SEARCH_PATHS = (
					"$(inherited)",
					"@executable_path/Frameworks",
				);
				PRODUCT_BUNDLE_IDENTIFIER = com.aKANJ.Plantae;
				PRODUCT_NAME = "$(TARGET_NAME)";
				SWIFT_VERSION = 5.0;
				TARGETED_DEVICE_FAMILY = "1,2";
			};
			name = Release;
		};
/* End XCBuildConfiguration section */

/* Begin XCConfigurationList section */
		571C6CE124027F4D0012B589 /* Build configuration list for PBXProject "Plantae" */ = {
			isa = XCConfigurationList;
			buildConfigurations = (
				571C6CF824027F4E0012B589 /* Debug */,
				571C6CF924027F4E0012B589 /* Release */,
			);
			defaultConfigurationIsVisible = 0;
			defaultConfigurationName = Release;
		};
		571C6CFA24027F4E0012B589 /* Build configuration list for PBXNativeTarget "Plantae" */ = {
			isa = XCConfigurationList;
			buildConfigurations = (
				571C6CFB24027F4E0012B589 /* Debug */,
				571C6CFC24027F4E0012B589 /* Release */,
			);
			defaultConfigurationIsVisible = 0;
			defaultConfigurationName = Release;
		};
/* End XCConfigurationList section */
	};
	rootObject = 571C6CDE24027F4D0012B589 /* Project object */;
}
